
Microsoft Visual Studio Solution File, Format Version 12.00
# Visual Studio Version 16
VisualStudioVersion = 16.0.31205.134
MinimumVisualStudioVersion = 10.0.40219.1
Project("{FAE04EC0-301F-11D3-BF4B-00C04F79EFBC}") = "FEWindowMoveDetectionMouse", "FEWindowMoveDetectionMouse\FEWindowMoveDetectionMouse.csproj", "{34837BDB-8CB6-4333-A34F-A98EBBB9837C}"
EndProject
Global
	GlobalSection(SolutionConfigurationPlatforms) = preSolution
		Debug|Any CPU = Debug|Any CPU
		Release|Any CPU = Release|Any CPU
	EndGlobalSection
	GlobalSection(ProjectConfigurationPlatforms) = postSolution
		{34837BDB-8CB6-4333-A34F-A98EBBB9837C}.Debug|Any CPU.ActiveCfg = Debug|Any CPU
		{34837BDB-8CB6-4333-A34F-A98EBBB9837C}.Debug|Any CPU.Build.0 = Debug|Any CPU
		{34837BDB-8CB6-4333-A34F-A98EBBB9837C}.Release|Any CPU.ActiveCfg = Release|Any CPU
		{34837BDB-8CB6-4333-A34F-A98EBBB9837C}.Release|Any CPU.Build.0 = Release|Any CPU
	EndGlobalSection
	GlobalSection(SolutionProperties) = preSolution
		HideSolutionNode = FALSE
	EndGlobalSection
	GlobalSection(ExtensibilityGlobals) = postSolution
		SolutionGuid = {A5D5D419-C5CE-4C83-9BA2-64F329923870}
	EndGlobalSection
EndGlobal
